
Microsoft Visual Studio Solution File, Format Version 12.00
# Visual Studio Version 17
VisualStudioVersion = 17.11.35219.272
MinimumVisualStudioVersion = 10.0.40219.1
Project("{FAE04EC0-301F-11D3-BF4B-00C04F79EFBC}") = "CALCULATOR-API", "CALCULATOR-API\CALCULATOR-API.csproj", "{ED5D0951-FFE0-48D4-8CB5-A1EA7BBCDB38}"
EndProject
Global
	GlobalSection(SolutionConfigurationPlatforms) = preSolution
		Debug|Any CPU = Debug|Any CPU
		Release|Any CPU = Release|Any CPU
	EndGlobalSection
	GlobalSection(ProjectConfigurationPlatforms) = postSolution
		{ED5D0951-FFE0-48D4-8CB5-A1EA7BBCDB38}.Debug|Any CPU.ActiveCfg = Debug|Any CPU
		{ED5D0951-FFE0-48D4-8CB5-A1EA7BBCDB38}.Debug|Any CPU.Build.0 = Debug|Any CPU
		{ED5D0951-FFE0-48D4-8CB5-A1EA7BBCDB38}.Release|Any CPU.ActiveCfg = Release|Any CPU
		{ED5D0951-FFE0-48D4-8CB5-A1EA7BBCDB38}.Release|Any CPU.Build.0 = Release|Any CPU
	EndGlobalSection
	GlobalSection(SolutionProperties) = preSolution
		HideSolutionNode = FALSE
	EndGlobalSection
	GlobalSection(ExtensibilityGlobals) = postSolution
		SolutionGuid = {5B01C1B9-6B5E-4D5C-988C-F084AB396309}
	EndGlobalSection
EndGlobal
